
Microsoft Visual Studio Solution File, Format Version 12.00
# Visual Studio Version 17
VisualStudioVersion = 17.3.32929.385
MinimumVisualStudioVersion = 10.0.40219.1
Project("{FAE04EC0-301F-11D3-BF4B-00C04F79EFBC}") = "Roguelike", "Roguelike.csproj", "{69F58C1B-595B-4F53-8502-71A13107C739}"
EndProject
Global
	GlobalSection(SolutionConfigurationPlatforms) = preSolution
		Debug|Any CPU = Debug|Any CPU
		Release|Any CPU = Release|Any CPU
	EndGlobalSection
	GlobalSection(ProjectConfigurationPlatforms) = postSolution
		{69F58C1B-595B-4F53-8502-71A13107C739}.Debug|Any CPU.ActiveCfg = Debug|Any CPU
		{69F58C1B-595B-4F53-8502-71A13107C739}.Debug|Any CPU.Build.0 = Debug|Any CPU
		{69F58C1B-595B-4F53-8502-71A13107C739}.Release|Any CPU.ActiveCfg = Release|Any CPU
		{69F58C1B-595B-4F53-8502-71A13107C739}.Release|Any CPU.Build.0 = Release|Any CPU
	EndGlobalSection
	GlobalSection(SolutionProperties) = preSolution
		HideSolutionNode = FALSE
	EndGlobalSection
	GlobalSection(ExtensibilityGlobals) = postSolution
		SolutionGuid = {F6CAE987-250C-45DA-A4EF-F1C8A1961D0D}
	EndGlobalSection
EndGlobal
